// !$*UTF8*$!
{
	archiveVersion = 1;
	classes = {
	};
	objectVersion = 48;
	objects = {

/* Begin PBXBuildFile section */
		DC03F3F9204610F500CEDCC2 /* AppDelegate.swift in Sources */ = {isa = PBXBuildFile; fileRef = DC03F3F8204610F500CEDCC2 /* AppDelegate.swift */; };
		DC03F3FB204610F500CEDCC2 /* ViewController.swift in Sources */ = {isa = PBXBuildFile; fileRef = DC03F3FA204610F500CEDCC2 /* ViewController.swift */; };
		DC03F3FE204610F500CEDCC2 /* Main.storyboard in Resources */ = {isa = PBXBuildFile; fileRef = DC03F3FC204610F500CEDCC2 /* Main.storyboard */; };
		DC03F400204610F500CEDCC2 /* Assets.xcassets in Resources */ = {isa = PBXBuildFile; fileRef = DC03F3FF204610F500CEDCC2 /* Assets.xcassets */; };
		DC03F403204610F500CEDCC2 /* LaunchScreen.storyboard in Resources */ = {isa = PBXBuildFile; fileRef = DC03F401204610F500CEDCC2 /* LaunchScreen.storyboard */; };
/* End PBXBuildFile section */

/* Begin PBXFileReference section */
		DC03F3F5204610F400CEDCC2 /* play4.app */ = {isa = PBXFileReference; explicitFileType = wrapper.application; includeInIndex = 0; path = play4.app; sourceTree = BUILT_PRODUCTS_DIR; };
		DC03F3F8204610F500CEDCC2 /* AppDelegate.swift */ = {isa = PBXFileReference; lastKnownFileType = sourcecode.swift; path = AppDelegate.swift; sourceTree = "<group>"; };
		DC03F3FA204610F500CEDCC2 /* ViewController.swift */ = {isa = PBXFileReference; lastKnownFileType = sourcecode.swift; path = ViewController.swift; sourceTree = "<group>"; };
		DC03F3FD204610F500CEDCC2 /* Base */ = {isa = PBXFileReference; lastKnownFileType = file.storyboard; name = Base; path = Base.lproj/Main.storyboard; sourceTree = "<group>"; };
		DC03F3FF204610F500CEDCC2 /* Assets.xcassets */ = {isa = PBXFileReference; lastKnownFileType = folder.assetcatalog; path = Assets.xcassets; sourceTree = "<group>"; };
		DC03F402204610F500CEDCC2 /* Base */ = {isa = PBXFileReference; lastKnownFileType = file.storyboard; name = Base; path = Base.lproj/LaunchScreen.storyboard; sourceTree = "<group>"; };
		DC03F404204610F500CEDCC2 /* Info.plist */ = {isa = PBXFileReference; lastKnownFileType = text.plist.xml; path = Info.plist; sourceTree = "<group>"; };
/* End PBXFileReference section */

/* Begin PBXFrameworksBuildPhase section */
		DC03F3F2204610F400CEDCC2 /* Frameworks */ = {
			isa = PBXFrameworksBuildPhase;
			buildActionMask = 2147483647;
			files = (
			);
			runOnlyForDeploymentPostprocessing = 0;
		};
/* End PBXFrameworksBuildPhase section */

/* Begin PBXGroup section */
		DC03F3EC204610F400CEDCC2 = {
			isa = PBXGroup;
			children = (
				DC03F3F7204610F400CEDCC2 /* play4 */,
				DC03F3F6204610F400CEDCC2 /* Products */,
			);
			sourceTree = "<group>";
		};
		DC03F3F6204610F400CEDCC2 /* Products */ = {
			isa = PBXGroup;
			children = (
				DC03F3F5204610F400CEDCC2 /* play4.app */,
			);
			name = Products;
			sourceTree = "<group>";
		};
		DC03F3F7204610F400CEDCC2 /* play4 */ = {
			isa = PBXGroup;
			children = (
				DC03F3F8204610F500CEDCC2 /* AppDelegate.swift */,
				DC03F3FA204610F500CEDCC2 /* ViewController.swift */,
				DC03F3FC204610F500CEDCC2 /* Main.storyboard */,
				DC03F3FF204610F500CEDCC2 /* Assets.xcassets */,
				DC03F401204610F500CEDCC2 /* LaunchScreen.storyboard */,
				DC03F404204610F500CEDCC2 /* Info.plist */,
			);
			path = play4;
			sourceTree = "<group>";
		};
/* End PBXGroup section */

/* Begin PBXNativeTarget section */
		DC03F3F4204610F400CEDCC2 /* play4 */ = {
			isa = PBXNativeTarget;
			buildConfigurationList = DC03F407204610F500CEDCC2 /* Build configuration list for PBXNativeTarget "play4" */;
			buildPhases = (
				DC03F3F1204610F400CEDCC2 /* Sources */,
				DC03F3F2204610F400CEDCC2 /* Frameworks */,
				DC03F3F3204610F400CEDCC2 /* Resources */,
			);
			buildRules = (
			);
			dependencies = (
			);
			name = play4;
			productName = play4;
			productReference = DC03F3F5204610F400CEDCC2 /* play4.app */;
			productType = "com.apple.product-type.application";
		};
/* End PBXNativeTarget section */

/* Begin PBXProject section */
		DC03F3ED204610F400CEDCC2 /* Project object */ = {
			isa = PBXProject;
			attributes = {
				LastSwiftUpdateCheck = 0920;
				LastUpgradeCheck = 0920;
				ORGANIZATIONNAME = "Shaun Tucker";
				TargetAttributes = {
					DC03F3F4204610F400CEDCC2 = {
						CreatedOnToolsVersion = 9.2;
						ProvisioningStyle = Automatic;
					};
				};
			};
			buildConfigurationList = DC03F3F0204610F400CEDCC2 /* Build configuration list for PBXProject "play4" */;
			compatibilityVersion = "Xcode 8.0";
			developmentRegion = en;
			hasScannedForEncodings = 0;
			knownRegions = (
				en,
				Base,
			);
			mainGroup = DC03F3EC204610F400CEDCC2;
			productRefGroup = DC03F3F6204610F400CEDCC2 /* Products */;
			projectDirPath = "";
			projectRoot = "";
			targets = (
				DC03F3F4204610F400CEDCC2 /* play4 */,
			);
		};
/* End PBXProject section */

/* Begin PBXResourcesBuildPhase section */
		DC03F3F3204610F400CEDCC2 /* Resources */ = {
			isa = PBXResourcesBuildPhase;
			buildActionMask = 2147483647;
			files = (
				DC03F403204610F500CEDCC2 /* LaunchScreen.storyboard in Resources */,
				DC03F400204610F500CEDCC2 /* Assets.xcassets in Resources */,
				DC03F3FE204610F500CEDCC2 /* Main.storyboard in Resources */,
			);
			runOnlyForDeploymentPostprocessing = 0;
		};
/* End PBXResourcesBuildPhase section */

/* Begin PBXSourcesBuildPhase section */
		DC03F3F1204610F400CEDCC2 /* Sources */ = {
			isa = PBXSourcesBuildPhase;
			buildActionMask = 2147483647;
			files = (
				DC03F3FB204610F500CEDCC2 /* ViewController.swift in Sources */,
				DC03F3F9204610F500CEDCC2 /* AppDelegate.swift in Sources */,
			);
			runOnlyForDeploymentPostprocessing = 0;
		};
/* End PBXSourcesBuildPhase section */

/* Begin PBXVariantGroup section */
		DC03F3FC204610F500CEDCC2 /* Main.storyboard */ = {
			isa = PBXVariantGroup;
			children = (
				DC03F3FD204610F500CEDCC2 /* Base */,
			);
			name = Main.storyboard;
			sourceTree = "<group>";
		};
		DC03F401204610F500CEDCC2 /* LaunchScreen.storyboard */ = {
			isa = PBXVariantGroup;
			children = (
				DC03F402204610F500CEDCC2 /* Base */,
			);
			name = LaunchScreen.storyboard;
			sourceTree = "<group>";
		};
/* End PBXVariantGroup section */

/* Begin XCBuildConfiguration section */
		DC03F405204610F500CEDCC2 /* Debug */ = {
			isa = XCBuildConfiguration;
			buildSettings = {
				ALWAYS_SEARCH_USER_PATHS = NO;
				CLANG_ANALYZER_NONNULL = YES;
				CLANG_ANALYZER_NUMBER_OBJECT_CONVERSION = YES_AGGRESSIVE;
				CLANG_CXX_LANGUAGE_STANDARD = "gnu++14";
				CLANG_CXX_LIBRARY = "libc++";
				CLANG_ENABLE_MODULES = YES;
				CLANG_ENABLE_OBJC_ARC = YES;
				CLANG_WARN_BLOCK_CAPTURE_AUTORELEASING = YES;
				CLANG_WARN_BOOL_CONVERSION = YES;
				CLANG_WARN_COMMA = YES;
				CLANG_WARN_CONSTANT_CONVERSION = YES;
				CLANG_WARN_DIRECT_OBJC_ISA_USAGE = YES_ERROR;
				CLANG_WARN_DOCUMENTATION_COMMENTS = YES;
				CLANG_WARN_EMPTY_BODY = YES;
				CLANG_WARN_ENUM_CONVERSION = YES;
				CLANG_WARN_INFINITE_RECURSION = YES;
				CLANG_WARN_INT_CONVERSION = YES;
				CLANG_WARN_NON_LITERAL_NULL_CONVERSION = YES;
				CLANG_WARN_OBJC_LITERAL_CONVERSION = YES;
				CLANG_WARN_OBJC_ROOT_CLASS = YES_ERROR;
				CLANG_WARN_RANGE_LOOP_ANALYSIS = YES;
				CLANG_WARN_STRICT_PROTOTYPES = YES;
				CLANG_WARN_SUSPICIOUS_MOVE = YES;
				CLANG_WARN_UNGUARDED_AVAILABILITY = YES_AGGRESSIVE;
				CLANG_WARN_UNREACHABLE_CODE = YES;
				CLANG_WARN__DUPLICATE_METHOD_MATCH = YES;
				CODE_SIGN_IDENTITY = "iPhone Developer";
				COPY_PHASE_STRIP = NO;
				DEBUG_INFORMATION_FORMAT = dwarf;
				ENABLE_STRICT_OBJC_MSGSEND = YES;
				ENABLE_TESTABILITY = YES;
				GCC_C_LANGUAGE_STANDARD = gnu11;
				GCC_DYNAMIC_NO_PIC = NO;
				GCC_NO_COMMON_BLOCKS = YES;
				GCC_OPTIMIZATION_LEVEL = 0;
				GCC_PREPROCESSOR_DEFINITIONS = (
					"DEBUG=1",
					"$(inherited)",
				);
				GCC_WARN_64_TO_32_BIT_CONVERSION = YES;
				GCC_WARN_ABOUT_RETURN_TYPE = YES_ERROR;
				GCC_WARN_UNDECLARED_SELECTOR = YES;
				GCC_WARN_UNINITIALIZED_AUTOS = YES_AGGRESSIVE;
				GCC_WARN_UNUSED_FUNCTION = YES;
				GCC_WARN_UNUSED_VARIABLE = YES;
				IPHONEOS_DEPLOYMENT_TARGET = 11.2;
				MTL_ENABLE_DEBUG_INFO = YES;
				ONLY_ACTIVE_ARCH = YES;
				SDKROOT = iphoneos;
				SWIFT_ACTIVE_COMPILATION_CONDITIONS = DEBUG;
				SWIFT_OPTIMIZATION_LEVEL = "-Onone";
			};
			name = Debug;
		};
		DC03F406204610F500CEDCC2 /* Release */ = {
			isa = XCBuildConfiguration;
			buildSettings = {
				ALWAYS_SEARCH_USER_PATHS = NO;
				CLANG_ANALYZER_NONNULL = YES;
				CLANG_ANALYZER_NUMBER_OBJECT_CONVERSION = YES_AGGRESSIVE;
				CLANG_CXX_LANGUAGE_STANDARD = "gnu++14";
				CLANG_CXX_LIBRARY = "libc++";
				CLANG_ENABLE_MODULES = YES;
				CLANG_ENABLE_OBJC_ARC = YES;
				CLANG_WARN_BLOCK_CAPTURE_AUTORELEASING = YES;
				CLANG_WARN_BOOL_CONVERSION = YES;
				CLANG_WARN_COMMA = YES;
				CLANG_WARN_CONSTANT_CONVERSION = YES;
				CLANG_WARN_DIRECT_OBJC_ISA_USAGE = YES_ERROR;
				CLANG_WARN_DOCUMENTATION_COMMENTS = YES;
				CLANG_WARN_EMPTY_BODY = YES;
				CLANG_WARN_ENUM_CONVERSION = YES;
				CLANG_WARN_INFINITE_RECURSION = YES;
				CLANG_WARN_INT_CONVERSION = YES;
				CLANG_WARN_NON_LITERAL_NULL_CONVERSION = YES;
				CLANG_WARN_OBJC_LITERAL_CONVERSION = YES;
				CLANG_WARN_OBJC_ROOT_CLASS = YES_ERROR;
				CLANG_WARN_RANGE_LOOP_ANALYSIS = YES;
				CLANG_WARN_STRICT_PROTOTYPES = YES;
				CLANG_WARN_SUSPICIOUS_MOVE = YES;
				CLANG_WARN_UNGUARDED_AVAILABILITY = YES_AGGRESSIVE;
				CLANG_WARN_UNREACHABLE_CODE = YES;
				CLANG_WARN__DUPLICATE_METHOD_MATCH = YES;
				CODE_SIGN_IDENTITY = "iPhone Developer";
				COPY_PHASE_STRIP = NO;
				DEBUG_INFORMATION_FORMAT = "dwarf-with-dsym";
				ENABLE_NS_ASSERTIONS = NO;
				ENABLE_STRICT_OBJC_MSGSEND = YES;
				GCC_C_LANGUAGE_STANDARD = gnu11;
				GCC_NO_COMMON_BLOCKS = YES;
				GCC_WARN_64_TO_32_BIT_CONVERSION = YES;
				GCC_WARN_ABOUT_RETURN_TYPE = YES_ERROR;
				GCC_WARN_UNDECLARED_SELECTOR = YES;
				GCC_WARN_UNINITIALIZED_AUTOS = YES_AGGRESSIVE;
				GCC_WARN_UNUSED_FUNCTION = YES;
				GCC_WARN_UNUSED_VARIABLE = YES;
				IPHONEOS_DEPLOYMENT_TARGET = 11.2;
				MTL_ENABLE_DEBUG_INFO = NO;
				SDKROOT = iphoneos;
				SWIFT_OPTIMIZATION_LEVEL = "-Owholemodule";
				VALIDATE_PRODUCT = YES;
			};
			name = Release;
		};
		DC03F408204610F500CEDCC2 /* Debug */ = {
			isa = XCBuildConfiguration;
			buildSettings = {
				ASSETCATALOG_COMPILER_APPICON_NAME = AppIcon;
				CODE_SIGN_STYLE = Automatic;
				DEVELOPMENT_TEAM = 77V8HF4F2C;
				INFOPLIST_FILE = play4/Info.plist;
				LD_RUNPATH_SEARCH_PATHS = "$(inherited) @executable_path/Frameworks";
				PRODUCT_BUNDLE_IDENTIFIER = com.Futucke.play4;
				PRODUCT_NAME = "$(TARGET_NAME)";
				SWIFT_VERSION = 4.0;
				TARGETED_DEVICE_FAMILY = "1,2";
			};
			name = Debug;
		};
		DC03F409204610F500CEDCC2 /* Release */ = {
			isa = XCBuildConfiguration;
			buildSettings = {
				ASSETCATALOG_COMPILER_APPICON_NAME = AppIcon;
				CODE_SIGN_STYLE = Automatic;
				DEVELOPMENT_TEAM = 77V8HF4F2C;
				INFOPLIST_FILE = play4/Info.plist;
				LD_RUNPATH_SEARCH_PATHS = "$(inherited) @executable_path/Frameworks";
				PRODUCT_BUNDLE_IDENTIFIER = com.Futucke.play4;
				PRODUCT_NAME = "$(TARGET_NAME)";
				SWIFT_VERSION = 4.0;
				TARGETED_DEVICE_FAMILY = "1,2";
			};
			name = Release;
		};
/* End XCBuildConfiguration section */

/* Begin XCConfigurationList section */
		DC03F3F0204610F400CEDCC2 /* Build configuration list for PBXProject "play4" */ = {
			isa = XCConfigurationList;
			buildConfigurations = (
				DC03F405204610F500CEDCC2 /* Debug */,
				DC03F406204610F500CEDCC2 /* Release */,
			);
			defaultConfigurationIsVisible = 0;
			defaultConfigurationName = Release;
		};
		DC03F407204610F500CEDCC2 /* Build configuration list for PBXNativeTarget "play4" */ = {
			isa = XCConfigurationList;
			buildConfigurations = (
				DC03F408204610F500CEDCC2 /* Debug */,
				DC03F409204610F500CEDCC2 /* Release */,
			);
			defaultConfigurationIsVisible = 0;
			defaultConfigurationName = Release;
		};
/* End XCConfigurationList section */
	};
	rootObject = DC03F3ED204610F400CEDCC2 /* Project object */;
}
